
Microsoft Visual Studio Solution File, Format Version 12.00
# Visual Studio 2013
VisualStudioVersion = 12.0.31101.0
MinimumVisualStudioVersion = 10.0.40219.1
Project("{FAE04EC0-301F-11D3-BF4B-00C04F79EFBC}") = "HDF", "HDF\HDF\HDF.csproj", "{8ECA9E17-357B-42FB-97AF-7532AC288413}"
EndProject
Project("{FAE04EC0-301F-11D3-BF4B-00C04F79EFBC}") = "HDF.Droid", "HDF\HDF.Droid\HDF.Droid.csproj", "{59F33A40-4D43-433C-A743-63728B9050AB}"
EndProject
Project("{FAE04EC0-301F-11D3-BF4B-00C04F79EFBC}") = "HDF.iOS", "HDF\HDF.iOS\HDF.iOS.csproj", "{B9F8ABC1-0BB7-47EC-B599-C2A174C51AAA}"
EndProject
Project("{FAE04EC0-301F-11D3-BF4B-00C04F79EFBC}") = "HDF.WinPhone", "HDF\HDF.WinPhone\HDF.WinPhone.csproj", "{5127BC8F-24BF-4D08-BBA3-06F6EF11DA12}"
EndProject
Project("{FAE04EC0-301F-11D3-BF4B-00C04F79EFBC}") = "HDF.Windows", "HDF\HDF.Windows\HDF.Windows.csproj", "{6AD4D0D4-9CE5-45F1-8B82-99470C009B75}"
EndProject
Global
	GlobalSection(SolutionConfigurationPlatforms) = preSolution
		Ad-Hoc|Any CPU = Ad-Hoc|Any CPU
		Ad-Hoc|ARM = Ad-Hoc|ARM
		Ad-Hoc|iPhone = Ad-Hoc|iPhone
		Ad-Hoc|iPhoneSimulator = Ad-Hoc|iPhoneSimulator
		Ad-Hoc|Mixed Platforms = Ad-Hoc|Mixed Platforms
		Ad-Hoc|x64 = Ad-Hoc|x64
		Ad-Hoc|x86 = Ad-Hoc|x86
		AppStore|Any CPU = AppStore|Any CPU
		AppStore|ARM = AppStore|ARM
		AppStore|iPhone = AppStore|iPhone
		AppStore|iPhoneSimulator = AppStore|iPhoneSimulator
		AppStore|Mixed Platforms = AppStore|Mixed Platforms
		AppStore|x64 = AppStore|x64
		AppStore|x86 = AppStore|x86
		Debug|Any CPU = Debug|Any CPU
		Debug|ARM = Debug|ARM
		Debug|iPhone = Debug|iPhone
		Debug|iPhoneSimulator = Debug|iPhoneSimulator
		Debug|Mixed Platforms = Debug|Mixed Platforms
		Debug|x64 = Debug|x64
		Debug|x86 = Debug|x86
		Release|Any CPU = Release|Any CPU
		Release|ARM = Release|ARM
		Release|iPhone = Release|iPhone
		Release|iPhoneSimulator = Release|iPhoneSimulator
		Release|Mixed Platforms = Release|Mixed Platforms
		Release|x64 = Release|x64
		Release|x86 = Release|x86
	EndGlobalSection
	GlobalSection(ProjectConfigurationPlatforms) = postSolution
		{8ECA9E17-357B-42FB-97AF-7532AC288413}.Ad-Hoc|Any CPU.ActiveCfg = Release|Any CPU
		{8ECA9E17-357B-42FB-97AF-7532AC288413}.Ad-Hoc|Any CPU.Build.0 = Release|Any CPU
		{8ECA9E17-357B-42FB-97AF-7532AC288413}.Ad-Hoc|ARM.ActiveCfg = Release|Any CPU
		{8ECA9E17-357B-42FB-97AF-7532AC288413}.Ad-Hoc|iPhone.ActiveCfg = Release|Any CPU
		{8ECA9E17-357B-42FB-97AF-7532AC288413}.Ad-Hoc|iPhoneSimulator.ActiveCfg = Release|Any CPU
		{8ECA9E17-357B-42FB-97AF-7532AC288413}.Ad-Hoc|Mixed Platforms.ActiveCfg = Release|Any CPU
		{8ECA9E17-357B-42FB-97AF-7532AC288413}.Ad-Hoc|Mixed Platforms.Build.0 = Release|Any CPU
		{8ECA9E17-357B-42FB-97AF-7532AC288413}.Ad-Hoc|x64.ActiveCfg = Release|Any CPU
		{8ECA9E17-357B-42FB-97AF-7532AC288413}.Ad-Hoc|x86.ActiveCfg = Release|Any CPU
		{8ECA9E17-357B-42FB-97AF-7532AC288413}.AppStore|Any CPU.ActiveCfg = Release|Any CPU
		{8ECA9E17-357B-42FB-97AF-7532AC288413}.AppStore|Any CPU.Build.0 = Release|Any CPU
		{8ECA9E17-357B-42FB-97AF-7532AC288413}.AppStore|ARM.ActiveCfg = Release|Any CPU
		{8ECA9E17-357B-42FB-97AF-7532AC288413}.AppStore|iPhone.ActiveCfg = Release|Any CPU
		{8ECA9E17-357B-42FB-97AF-7532AC288413}.AppStore|iPhoneSimulator.ActiveCfg = Release|Any CPU
		{8ECA9E17-357B-42FB-97AF-7532AC288413}.AppStore|Mixed Platforms.ActiveCfg = Release|Any CPU
		{8ECA9E17-357B-42FB-97AF-7532AC288413}.AppStore|Mixed Platforms.Build.0 = Release|Any CPU
		{8ECA9E17-357B-42FB-97AF-7532AC288413}.AppStore|x64.ActiveCfg = Release|Any CPU
		{8ECA9E17-357B-42FB-97AF-7532AC288413}.AppStore|x86.ActiveCfg = Release|Any CPU
		{8ECA9E17-357B-42FB-97AF-7532AC288413}.Debug|Any CPU.ActiveCfg = Debug|Any CPU
		{8ECA9E17-357B-42FB-97AF-7532AC288413}.Debug|Any CPU.Build.0 = Debug|Any CPU
		{8ECA9E17-357B-42FB-97AF-7532AC288413}.Debug|ARM.ActiveCfg = Debug|Any CPU
		{8ECA9E17-357B-42FB-97AF-7532AC288413}.Debug|iPhone.ActiveCfg = Debug|Any CPU
		{8ECA9E17-357B-42FB-97AF-7532AC288413}.Debug|iPhoneSimulator.ActiveCfg = Debug|Any CPU
		{8ECA9E17-357B-42FB-97AF-7532AC288413}.Debug|Mixed Platforms.ActiveCfg = Debug|Any CPU
		{8ECA9E17-357B-42FB-97AF-7532AC288413}.Debug|Mixed Platforms.Build.0 = Debug|Any CPU
		{8ECA9E17-357B-42FB-97AF-7532AC288413}.Debug|x64.ActiveCfg = Debug|Any CPU
		{8ECA9E17-357B-42FB-97AF-7532AC288413}.Debug|x86.ActiveCfg = Debug|Any CPU
		{8ECA9E17-357B-42FB-97AF-7532AC288413}.Release|Any CPU.ActiveCfg = Release|Any CPU
		{8ECA9E17-357B-42FB-97AF-7532AC288413}.Release|Any CPU.Build.0 = Release|Any CPU
		{8ECA9E17-357B-42FB-97AF-7532AC288413}.Release|ARM.ActiveCfg = Release|Any CPU
		{8ECA9E17-357B-42FB-97AF-7532AC288413}.Release|iPhone.ActiveCfg = Release|Any CPU
		{8ECA9E17-357B-42FB-97AF-7532AC288413}.Release|iPhoneSimulator.ActiveCfg = Release|Any CPU
		{8ECA9E17-357B-42FB-97AF-7532AC288413}.Release|Mixed Platforms.ActiveCfg = Release|Any CPU
		{8ECA9E17-357B-42FB-97AF-7532AC288413}.Release|Mixed Platforms.Build.0 = Release|Any CPU
		{8ECA9E17-357B-42FB-97AF-7532AC288413}.Release|x64.ActiveCfg = Release|Any CPU
		{8ECA9E17-357B-42FB-97AF-7532AC288413}.Release|x86.ActiveCfg = Release|Any CPU
		{59F33A40-4D43-433C-A743-63728B9050AB}.Ad-Hoc|Any CPU.ActiveCfg = Release|Any CPU
		{59F33A40-4D43-433C-A743-63728B9050AB}.Ad-Hoc|Any CPU.Build.0 = Release|Any CPU
		{59F33A40-4D43-433C-A743-63728B9050AB}.Ad-Hoc|Any CPU.Deploy.0 = Release|Any CPU
		{59F33A40-4D43-433C-A743-63728B9050AB}.Ad-Hoc|ARM.ActiveCfg = Release|Any CPU
		{59F33A40-4D43-433C-A743-63728B9050AB}.Ad-Hoc|iPhone.ActiveCfg = Release|Any CPU
		{59F33A40-4D43-433C-A743-63728B9050AB}.Ad-Hoc|iPhoneSimulator.ActiveCfg = Release|Any CPU
		{59F33A40-4D43-433C-A743-63728B9050AB}.Ad-Hoc|Mixed Platforms.ActiveCfg = Release|Any CPU
		{59F33A40-4D43-433C-A743-63728B9050AB}.Ad-Hoc|Mixed Platforms.Build.0 = Release|Any CPU
		{59F33A40-4D43-433C-A743-63728B9050AB}.Ad-Hoc|Mixed Platforms.Deploy.0 = Release|Any CPU
		{59F33A40-4D43-433C-A743-63728B9050AB}.Ad-Hoc|x64.ActiveCfg = Release|Any CPU
		{59F33A40-4D43-433C-A743-63728B9050AB}.Ad-Hoc|x86.ActiveCfg = Release|Any CPU
		{59F33A40-4D43-433C-A743-63728B9050AB}.AppStore|Any CPU.ActiveCfg = Release|Any CPU
		{59F33A40-4D43-433C-A743-63728B9050AB}.AppStore|Any CPU.Build.0 = Release|Any CPU
		{59F33A40-4D43-433C-A743-63728B9050AB}.AppStore|Any CPU.Deploy.0 = Release|Any CPU
		{59F33A40-4D43-433C-A743-63728B9050AB}.AppStore|ARM.ActiveCfg = Release|Any CPU
		{59F33A40-4D43-433C-A743-63728B9050AB}.AppStore|iPhone.ActiveCfg = Release|Any CPU
		{59F33A40-4D43-433C-A743-63728B9050AB}.AppStore|iPhoneSimulator.ActiveCfg = Release|Any CPU
		{59F33A40-4D43-433C-A743-63728B9050AB}.AppStore|Mixed Platforms.ActiveCfg = Release|Any CPU
		{59F33A40-4D43-433C-A743-63728B9050AB}.AppStore|Mixed Platforms.Build.0 = Release|Any CPU
		{59F33A40-4D43-433C-A743-63728B9050AB}.AppStore|Mixed Platforms.Deploy.0 = Release|Any CPU
		{59F33A40-4D43-433C-A743-63728B9050AB}.AppStore|x64.ActiveCfg = Release|Any CPU
		{59F33A40-4D43-433C-A743-63728B9050AB}.AppStore|x86.ActiveCfg = Release|Any CPU
		{59F33A40-4D43-433C-A743-63728B9050AB}.Debug|Any CPU.ActiveCfg = Debug|Any CPU
		{59F33A40-4D43-433C-A743-63728B9050AB}.Debug|Any CPU.Build.0 = Debug|Any CPU
		{59F33A40-4D43-433C-A743-63728B9050AB}.Debug|Any CPU.Deploy.0 = Debug|Any CPU
		{59F33A40-4D43-433C-A743-63728B9050AB}.Debug|ARM.ActiveCfg = Debug|Any CPU
		{59F33A40-4D43-433C-A743-63728B9050AB}.Debug|iPhone.ActiveCfg = Debug|Any CPU
		{59F33A40-4D43-433C-A743-63728B9050AB}.Debug|iPhoneSimulator.ActiveCfg = Debug|Any CPU
		{59F33A40-4D43-433C-A743-63728B9050AB}.Debug|Mixed Platforms.ActiveCfg = Debug|Any CPU
		{59F33A40-4D43-433C-A743-63728B9050AB}.Debug|Mixed Platforms.Build.0 = Debug|Any CPU
		{59F33A40-4D43-433C-A743-63728B9050AB}.Debug|Mixed Platforms.Deploy.0 = Debug|Any CPU
		{59F33A40-4D43-433C-A743-63728B9050AB}.Debug|x64.ActiveCfg = Debug|Any CPU
		{59F33A40-4D43-433C-A743-63728B9050AB}.Debug|x86.ActiveCfg = Debug|Any CPU
		{59F33A40-4D43-433C-A743-63728B9050AB}.Release|Any CPU.ActiveCfg = Release|Any CPU
		{59F33A40-4D43-433C-A743-63728B9050AB}.Release|Any CPU.Build.0 = Release|Any CPU
		{59F33A40-4D43-433C-A743-63728B9050AB}.Release|Any CPU.Deploy.0 = Release|Any CPU
		{59F33A40-4D43-433C-A743-63728B9050AB}.Release|ARM.ActiveCfg = Release|Any CPU
		{59F33A40-4D43-433C-A743-63728B9050AB}.Release|iPhone.ActiveCfg = Release|Any CPU
		{59F33A40-4D43-433C-A743-63728B9050AB}.Release|iPhoneSimulator.ActiveCfg = Release|Any CPU
		{59F33A40-4D43-433C-A743-63728B9050AB}.Release|Mixed Platforms.ActiveCfg = Release|Any CPU
		{59F33A40-4D43-433C-A743-63728B9050AB}.Release|Mixed Platforms.Build.0 = Release|Any CPU
		{59F33A40-4D43-433C-A743-63728B9050AB}.Release|Mixed Platforms.Deploy.0 = Release|Any CPU
		{59F33A40-4D43-433C-A743-63728B9050AB}.Release|x64.ActiveCfg = Release|Any CPU
		{59F33A40-4D43-433C-A743-63728B9050AB}.Release|x86.ActiveCfg = Release|Any CPU
		{B9F8ABC1-0BB7-47EC-B599-C2A174C51AAA}.Ad-Hoc|Any CPU.ActiveCfg = Ad-Hoc|iPhone
		{B9F8ABC1-0BB7-47EC-B599-C2A174C51AAA}.Ad-Hoc|ARM.ActiveCfg = Ad-Hoc|iPhone
		{B9F8ABC1-0BB7-47EC-B599-C2A174C51AAA}.Ad-Hoc|iPhone.ActiveCfg = Ad-Hoc|iPhone
		{B9F8ABC1-0BB7-47EC-B599-C2A174C51AAA}.Ad-Hoc|iPhone.Build.0 = Ad-Hoc|iPhone
		{B9F8ABC1-0BB7-47EC-B599-C2A174C51AAA}.Ad-Hoc|iPhoneSimulator.ActiveCfg = Ad-Hoc|iPhoneSimulator
		{B9F8ABC1-0BB7-47EC-B599-C2A174C51AAA}.Ad-Hoc|iPhoneSimulator.Build.0 = Ad-Hoc|iPhoneSimulator
		{B9F8ABC1-0BB7-47EC-B599-C2A174C51AAA}.Ad-Hoc|Mixed Platforms.ActiveCfg = Ad-Hoc|iPhone
		{B9F8ABC1-0BB7-47EC-B599-C2A174C51AAA}.Ad-Hoc|Mixed Platforms.Build.0 = Ad-Hoc|iPhone
		{B9F8ABC1-0BB7-47EC-B599-C2A174C51AAA}.Ad-Hoc|x64.ActiveCfg = Ad-Hoc|iPhone
		{B9F8ABC1-0BB7-47EC-B599-C2A174C51AAA}.Ad-Hoc|x86.ActiveCfg = Ad-Hoc|iPhone
		{B9F8ABC1-0BB7-47EC-B599-C2A174C51AAA}.AppStore|Any CPU.ActiveCfg = AppStore|iPhone
		{B9F8ABC1-0BB7-47EC-B599-C2A174C51AAA}.AppStore|ARM.ActiveCfg = AppStore|iPhone
		{B9F8ABC1-0BB7-47EC-B599-C2A174C51AAA}.AppStore|iPhone.ActiveCfg = AppStore|iPhone
		{B9F8ABC1-0BB7-47EC-B599-C2A174C51AAA}.AppStore|iPhone.Build.0 = AppStore|iPhone
		{B9F8ABC1-0BB7-47EC-B599-C2A174C51AAA}.AppStore|iPhoneSimulator.ActiveCfg = AppStore|iPhoneSimulator
		{B9F8ABC1-0BB7-47EC-B599-C2A174C51AAA}.AppStore|iPhoneSimulator.Build.0 = AppStore|iPhoneSimulator
		{B9F8ABC1-0BB7-47EC-B599-C2A174C51AAA}.AppStore|Mixed Platforms.ActiveCfg = AppStore|iPhone
		{B9F8ABC1-0BB7-47EC-B599-C2A174C51AAA}.AppStore|Mixed Platforms.Build.0 = AppStore|iPhone
		{B9F8ABC1-0BB7-47EC-B599-C2A174C51AAA}.AppStore|x64.ActiveCfg = AppStore|iPhone
		{B9F8ABC1-0BB7-47EC-B599-C2A174C51AAA}.AppStore|x86.ActiveCfg = AppStore|iPhone
		{B9F8ABC1-0BB7-47EC-B599-C2A174C51AAA}.Debug|Any CPU.ActiveCfg = Debug|iPhone
		{B9F8ABC1-0BB7-47EC-B599-C2A174C51AAA}.Debug|ARM.ActiveCfg = Debug|iPhone
		{B9F8ABC1-0BB7-47EC-B599-C2A174C51AAA}.Debug|iPhone.ActiveCfg = Debug|iPhone
		{B9F8ABC1-0BB7-47EC-B599-C2A174C51AAA}.Debug|iPhone.Build.0 = Debug|iPhone
		{B9F8ABC1-0BB7-47EC-B599-C2A174C51AAA}.Debug|iPhoneSimulator.ActiveCfg = Debug|iPhoneSimulator
		{B9F8ABC1-0BB7-47EC-B599-C2A174C51AAA}.Debug|iPhoneSimulator.Build.0 = Debug|iPhoneSimulator
		{B9F8ABC1-0BB7-47EC-B599-C2A174C51AAA}.Debug|Mixed Platforms.ActiveCfg = Debug|iPhone
		{B9F8ABC1-0BB7-47EC-B599-C2A174C51AAA}.Debug|Mixed Platforms.Build.0 = Debug|iPhone
		{B9F8ABC1-0BB7-47EC-B599-C2A174C51AAA}.Debug|x64.ActiveCfg = Debug|iPhone
		{B9F8ABC1-0BB7-47EC-B599-C2A174C51AAA}.Debug|x86.ActiveCfg = Debug|iPhone
		{B9F8ABC1-0BB7-47EC-B599-C2A174C51AAA}.Release|Any CPU.ActiveCfg = Release|iPhone
		{B9F8ABC1-0BB7-47EC-B599-C2A174C51AAA}.Release|ARM.ActiveCfg = Release|iPhone
		{B9F8ABC1-0BB7-47EC-B599-C2A174C51AAA}.Release|iPhone.ActiveCfg = Release|iPhone
		{B9F8ABC1-0BB7-47EC-B599-C2A174C51AAA}.Release|iPhone.Build.0 = Release|iPhone
		{B9F8ABC1-0BB7-47EC-B599-C2A174C51AAA}.Release|iPhoneSimulator.ActiveCfg = Release|iPhoneSimulator
		{B9F8ABC1-0BB7-47EC-B599-C2A174C51AAA}.Release|iPhoneSimulator.Build.0 = Release|iPhoneSimulator
		{B9F8ABC1-0BB7-47EC-B599-C2A174C51AAA}.Release|Mixed Platforms.ActiveCfg = Release|iPhone
		{B9F8ABC1-0BB7-47EC-B599-C2A174C51AAA}.Release|Mixed Platforms.Build.0 = Release|iPhone
		{B9F8ABC1-0BB7-47EC-B599-C2A174C51AAA}.Release|x64.ActiveCfg = Release|iPhone
		{B9F8ABC1-0BB7-47EC-B599-C2A174C51AAA}.Release|x86.ActiveCfg = Release|iPhone
		{5127BC8F-24BF-4D08-BBA3-06F6EF11DA12}.Ad-Hoc|Any CPU.ActiveCfg = Release|Any CPU
		{5127BC8F-24BF-4D08-BBA3-06F6EF11DA12}.Ad-Hoc|Any CPU.Build.0 = Release|Any CPU
		{5127BC8F-24BF-4D08-BBA3-06F6EF11DA12}.Ad-Hoc|Any CPU.Deploy.0 = Release|Any CPU
		{5127BC8F-24BF-4D08-BBA3-06F6EF11DA12}.Ad-Hoc|ARM.ActiveCfg = Release|ARM
		{5127BC8F-24BF-4D08-BBA3-06F6EF11DA12}.Ad-Hoc|ARM.Build.0 = Release|ARM
		{5127BC8F-24BF-4D08-BBA3-06F6EF11DA12}.Ad-Hoc|ARM.Deploy.0 = Release|ARM
		{5127BC8F-24BF-4D08-BBA3-06F6EF11DA12}.Ad-Hoc|iPhone.ActiveCfg = Release|Any CPU
		{5127BC8F-24BF-4D08-BBA3-06F6EF11DA12}.Ad-Hoc|iPhoneSimulator.ActiveCfg = Release|Any CPU
		{5127BC8F-24BF-4D08-BBA3-06F6EF11DA12}.Ad-Hoc|Mixed Platforms.ActiveCfg = Release|x86
		{5127BC8F-24BF-4D08-BBA3-06F6EF11DA12}.Ad-Hoc|Mixed Platforms.Build.0 = Release|x86
		{5127BC8F-24BF-4D08-BBA3-06F6EF11DA12}.Ad-Hoc|Mixed Platforms.Deploy.0 = Release|x86
		{5127BC8F-24BF-4D08-BBA3-06F6EF11DA12}.Ad-Hoc|x64.ActiveCfg = Release|Any CPU
		{5127BC8F-24BF-4D08-BBA3-06F6EF11DA12}.Ad-Hoc|x86.ActiveCfg = Release|x86
		{5127BC8F-24BF-4D08-BBA3-06F6EF11DA12}.Ad-Hoc|x86.Build.0 = Release|x86
		{5127BC8F-24BF-4D08-BBA3-06F6EF11DA12}.Ad-Hoc|x86.Deploy.0 = Release|x86
		{5127BC8F-24BF-4D08-BBA3-06F6EF11DA12}.AppStore|Any CPU.ActiveCfg = Release|Any CPU
		{5127BC8F-24BF-4D08-BBA3-06F6EF11DA12}.AppStore|Any CPU.Build.0 = Release|Any CPU
		{5127BC8F-24BF-4D08-BBA3-06F6EF11DA12}.AppStore|Any CPU.Deploy.0 = Release|Any CPU
		{5127BC8F-24BF-4D08-BBA3-06F6EF11DA12}.AppStore|ARM.ActiveCfg = Release|ARM
		{5127BC8F-24BF-4D08-BBA3-06F6EF11DA12}.AppStore|ARM.Build.0 = Release|ARM
		{5127BC8F-24BF-4D08-BBA3-06F6EF11DA12}.AppStore|ARM.Deploy.0 = Release|ARM
		{5127BC8F-24BF-4D08-BBA3-06F6EF11DA12}.AppStore|iPhone.ActiveCfg = Release|Any CPU
		{5127BC8F-24BF-4D08-BBA3-06F6EF11DA12}.AppStore|iPhoneSimulator.ActiveCfg = Release|Any CPU
		{5127BC8F-24BF-4D08-BBA3-06F6EF11DA12}.AppStore|Mixed Platforms.ActiveCfg = Release|x86
		{5127BC8F-24BF-4D08-BBA3-06F6EF11DA12}.AppStore|Mixed Platforms.Build.0 = Release|x86
		{5127BC8F-24BF-4D08-BBA3-06F6EF11DA12}.AppStore|Mixed Platforms.Deploy.0 = Release|x86
		{5127BC8F-24BF-4D08-BBA3-06F6EF11DA12}.AppStore|x64.ActiveCfg = Release|Any CPU
		{5127BC8F-24BF-4D08-BBA3-06F6EF11DA12}.AppStore|x86.ActiveCfg = Release|x86
		{5127BC8F-24BF-4D08-BBA3-06F6EF11DA12}.AppStore|x86.Build.0 = Release|x86
		{5127BC8F-24BF-4D08-BBA3-06F6EF11DA12}.AppStore|x86.Deploy.0 = Release|x86
		{5127BC8F-24BF-4D08-BBA3-06F6EF11DA12}.Debug|Any CPU.ActiveCfg = Debug|Any CPU
		{5127BC8F-24BF-4D08-BBA3-06F6EF11DA12}.Debug|Any CPU.Build.0 = Debug|Any CPU
		{5127BC8F-24BF-4D08-BBA3-06F6EF11DA12}.Debug|Any CPU.Deploy.0 = Debug|Any CPU
		{5127BC8F-24BF-4D08-BBA3-06F6EF11DA12}.Debug|ARM.ActiveCfg = Debug|ARM
		{5127BC8F-24BF-4D08-BBA3-06F6EF11DA12}.Debug|ARM.Build.0 = Debug|ARM
		{5127BC8F-24BF-4D08-BBA3-06F6EF11DA12}.Debug|ARM.Deploy.0 = Debug|ARM
		{5127BC8F-24BF-4D08-BBA3-06F6EF11DA12}.Debug|iPhone.ActiveCfg = Debug|Any CPU
		{5127BC8F-24BF-4D08-BBA3-06F6EF11DA12}.Debug|iPhoneSimulator.ActiveCfg = Debug|Any CPU
		{5127BC8F-24BF-4D08-BBA3-06F6EF11DA12}.Debug|Mixed Platforms.ActiveCfg = Debug|x86
		{5127BC8F-24BF-4D08-BBA3-06F6EF11DA12}.Debug|Mixed Platforms.Build.0 = Debug|x86
		{5127BC8F-24BF-4D08-BBA3-06F6EF11DA12}.Debug|Mixed Platforms.Deploy.0 = Debug|x86
		{5127BC8F-24BF-4D08-BBA3-06F6EF11DA12}.Debug|x64.ActiveCfg = Debug|Any CPU
		{5127BC8F-24BF-4D08-BBA3-06F6EF11DA12}.Debug|x86.ActiveCfg = Debug|x86
		{5127BC8F-24BF-4D08-BBA3-06F6EF11DA12}.Debug|x86.Build.0 = Debug|x86
		{5127BC8F-24BF-4D08-BBA3-06F6EF11DA12}.Debug|x86.Deploy.0 = Debug|x86
		{5127BC8F-24BF-4D08-BBA3-06F6EF11DA12}.Release|Any CPU.ActiveCfg = Release|Any CPU
		{5127BC8F-24BF-4D08-BBA3-06F6EF11DA12}.Release|Any CPU.Build.0 = Release|Any CPU
		{5127BC8F-24BF-4D08-BBA3-06F6EF11DA12}.Release|Any CPU.Deploy.0 = Release|Any CPU
		{5127BC8F-24BF-4D08-BBA3-06F6EF11DA12}.Release|ARM.ActiveCfg = Release|ARM
		{5127BC8F-24BF-4D08-BBA3-06F6EF11DA12}.Release|ARM.Build.0 = Release|ARM
		{5127BC8F-24BF-4D08-BBA3-06F6EF11DA12}.Release|ARM.Deploy.0 = Release|ARM
		{5127BC8F-24BF-4D08-BBA3-06F6EF11DA12}.Release|iPhone.ActiveCfg = Release|Any CPU
		{5127BC8F-24BF-4D08-BBA3-06F6EF11DA12}.Release|iPhoneSimulator.ActiveCfg = Release|Any CPU
		{5127BC8F-24BF-4D08-BBA3-06F6EF11DA12}.Release|Mixed Platforms.ActiveCfg = Release|x86
		{5127BC8F-24BF-4D08-BBA3-06F6EF11DA12}.Release|Mixed Platforms.Build.0 = Release|x86
		{5127BC8F-24BF-4D08-BBA3-06F6EF11DA12}.Release|Mixed Platforms.Deploy.0 = Release|x86
		{5127BC8F-24BF-4D08-BBA3-06F6EF11DA12}.Release|x64.ActiveCfg = Release|Any CPU
		{5127BC8F-24BF-4D08-BBA3-06F6EF11DA12}.Release|x86.ActiveCfg = Release|x86
		{5127BC8F-24BF-4D08-BBA3-06F6EF11DA12}.Release|x86.Build.0 = Release|x86
		{5127BC8F-24BF-4D08-BBA3-06F6EF11DA12}.Release|x86.Deploy.0 = Release|x86
		{6AD4D0D4-9CE5-45F1-8B82-99470C009B75}.Ad-Hoc|Any CPU.ActiveCfg = Release|Any CPU
		{6AD4D0D4-9CE5-45F1-8B82-99470C009B75}.Ad-Hoc|Any CPU.Build.0 = Release|Any CPU
		{6AD4D0D4-9CE5-45F1-8B82-99470C009B75}.Ad-Hoc|Any CPU.Deploy.0 = Release|Any CPU
		{6AD4D0D4-9CE5-45F1-8B82-99470C009B75}.Ad-Hoc|ARM.ActiveCfg = Release|ARM
		{6AD4D0D4-9CE5-45F1-8B82-99470C009B75}.Ad-Hoc|ARM.Build.0 = Release|ARM
		{6AD4D0D4-9CE5-45F1-8B82-99470C009B75}.Ad-Hoc|ARM.Deploy.0 = Release|ARM
		{6AD4D0D4-9CE5-45F1-8B82-99470C009B75}.Ad-Hoc|iPhone.ActiveCfg = Release|Any CPU
		{6AD4D0D4-9CE5-45F1-8B82-99470C009B75}.Ad-Hoc|iPhoneSimulator.ActiveCfg = Release|Any CPU
		{6AD4D0D4-9CE5-45F1-8B82-99470C009B75}.Ad-Hoc|Mixed Platforms.ActiveCfg = Release|x86
		{6AD4D0D4-9CE5-45F1-8B82-99470C009B75}.Ad-Hoc|Mixed Platforms.Build.0 = Release|x86
		{6AD4D0D4-9CE5-45F1-8B82-99470C009B75}.Ad-Hoc|Mixed Platforms.Deploy.0 = Release|x86
		{6AD4D0D4-9CE5-45F1-8B82-99470C009B75}.Ad-Hoc|x64.ActiveCfg = Release|x64
		{6AD4D0D4-9CE5-45F1-8B82-99470C009B75}.Ad-Hoc|x64.Build.0 = Release|x64
		{6AD4D0D4-9CE5-45F1-8B82-99470C009B75}.Ad-Hoc|x64.Deploy.0 = Release|x64
		{6AD4D0D4-9CE5-45F1-8B82-99470C009B75}.Ad-Hoc|x86.ActiveCfg = Release|x86
		{6AD4D0D4-9CE5-45F1-8B82-99470C009B75}.Ad-Hoc|x86.Build.0 = Release|x86
		{6AD4D0D4-9CE5-45F1-8B82-99470C009B75}.Ad-Hoc|x86.Deploy.0 = Release|x86
		{6AD4D0D4-9CE5-45F1-8B82-99470C009B75}.AppStore|Any CPU.ActiveCfg = Release|Any CPU
		{6AD4D0D4-9CE5-45F1-8B82-99470C009B75}.AppStore|Any CPU.Build.0 = Release|Any CPU
		{6AD4D0D4-9CE5-45F1-8B82-99470C009B75}.AppStore|Any CPU.Deploy.0 = Release|Any CPU
		{6AD4D0D4-9CE5-45F1-8B82-99470C009B75}.AppStore|ARM.ActiveCfg = Release|ARM
		{6AD4D0D4-9CE5-45F1-8B82-99470C009B75}.AppStore|ARM.Build.0 = Release|ARM
		{6AD4D0D4-9CE5-45F1-8B82-99470C009B75}.AppStore|ARM.Deploy.0 = Release|ARM
		{6AD4D0D4-9CE5-45F1-8B82-99470C009B75}.AppStore|iPhone.ActiveCfg = Release|Any CPU
		{6AD4D0D4-9CE5-45F1-8B82-99470C009B75}.AppStore|iPhoneSimulator.ActiveCfg = Release|Any CPU
		{6AD4D0D4-9CE5-45F1-8B82-99470C009B75}.AppStore|Mixed Platforms.ActiveCfg = Release|x86
		{6AD4D0D4-9CE5-45F1-8B82-99470C009B75}.AppStore|Mixed Platforms.Build.0 = Release|x86
		{6AD4D0D4-9CE5-45F1-8B82-99470C009B75}.AppStore|Mixed Platforms.Deploy.0 = Release|x86
		{6AD4D0D4-9CE5-45F1-8B82-99470C009B75}.AppStore|x64.ActiveCfg = Release|x64
		{6AD4D0D4-9CE5-45F1-8B82-99470C009B75}.AppStore|x64.Build.0 = Release|x64
		{6AD4D0D4-9CE5-45F1-8B82-99470C009B75}.AppStore|x64.Deploy.0 = Release|x64
		{6AD4D0D4-9CE5-45F1-8B82-99470C009B75}.AppStore|x86.ActiveCfg = Release|x86
		{6AD4D0D4-9CE5-45F1-8B82-99470C009B75}.AppStore|x86.Build.0 = Release|x86
		{6AD4D0D4-9CE5-45F1-8B82-99470C009B75}.AppStore|x86.Deploy.0 = Release|x86
		{6AD4D0D4-9CE5-45F1-8B82-99470C009B75}.Debug|Any CPU.ActiveCfg = Debug|Any CPU
		{6AD4D0D4-9CE5-45F1-8B82-99470C009B75}.Debug|Any CPU.Build.0 = Debug|Any CPU
		{6AD4D0D4-9CE5-45F1-8B82-99470C009B75}.Debug|Any CPU.Deploy.0 = Debug|Any CPU
		{6AD4D0D4-9CE5-45F1-8B82-99470C009B75}.Debug|ARM.ActiveCfg = Debug|ARM
		{6AD4D0D4-9CE5-45F1-8B82-99470C009B75}.Debug|ARM.Build.0 = Debug|ARM
		{6AD4D0D4-9CE5-45F1-8B82-99470C009B75}.Debug|ARM.Deploy.0 = Debug|ARM
		{6AD4D0D4-9CE5-45F1-8B82-99470C009B75}.Debug|iPhone.ActiveCfg = Debug|Any CPU
		{6AD4D0D4-9CE5-45F1-8B82-99470C009B75}.Debug|iPhoneSimulator.ActiveCfg = Debug|Any CPU
		{6AD4D0D4-9CE5-45F1-8B82-99470C009B75}.Debug|Mixed Platforms.ActiveCfg = Debug|x86
		{6AD4D0D4-9CE5-45F1-8B82-99470C009B75}.Debug|Mixed Platforms.Build.0 = Debug|x86
		{6AD4D0D4-9CE5-45F1-8B82-99470C009B75}.Debug|Mixed Platforms.Deploy.0 = Debug|x86
		{6AD4D0D4-9CE5-45F1-8B82-99470C009B75}.Debug|x64.ActiveCfg = Debug|x64
		{6AD4D0D4-9CE5-45F1-8B82-99470C009B75}.Debug|x64.Build.0 = Debug|x64
		{6AD4D0D4-9CE5-45F1-8B82-99470C009B75}.Debug|x64.Deploy.0 = Debug|x64
		{6AD4D0D4-9CE5-45F1-8B82-99470C009B75}.Debug|x86.ActiveCfg = Debug|x86
		{6AD4D0D4-9CE5-45F1-8B82-99470C009B75}.Debug|x86.Build.0 = Debug|x86
		{6AD4D0D4-9CE5-45F1-8B82-99470C009B75}.Debug|x86.Deploy.0 = Debug|x86
		{6AD4D0D4-9CE5-45F1-8B82-99470C009B75}.Release|Any CPU.ActiveCfg = Release|Any CPU
		{6AD4D0D4-9CE5-45F1-8B82-99470C009B75}.Release|Any CPU.Build.0 = Release|Any CPU
		{6AD4D0D4-9CE5-45F1-8B82-99470C009B75}.Release|Any CPU.Deploy.0 = Release|Any CPU
		{6AD4D0D4-9CE5-45F1-8B82-99470C009B75}.Release|ARM.ActiveCfg = Release|ARM
		{6AD4D0D4-9CE5-45F1-8B82-99470C009B75}.Release|ARM.Build.0 = Release|ARM
		{6AD4D0D4-9CE5-45F1-8B82-99470C009B75}.Release|ARM.Deploy.0 = Release|ARM
		{6AD4D0D4-9CE5-45F1-8B82-99470C009B75}.Release|iPhone.ActiveCfg = Release|Any CPU
		{6AD4D0D4-9CE5-45F1-8B82-99470C009B75}.Release|iPhoneSimulator.ActiveCfg = Release|Any CPU
		{6AD4D0D4-9CE5-45F1-8B82-99470C009B75}.Release|Mixed Platforms.ActiveCfg = Release|x86
		{6AD4D0D4-9CE5-45F1-8B82-99470C009B75}.Release|Mixed Platforms.Build.0 = Release|x86
		{6AD4D0D4-9CE5-45F1-8B82-99470C009B75}.Release|Mixed Platforms.Deploy.0 = Release|x86
		{6AD4D0D4-9CE5-45F1-8B82-99470C009B75}.Release|x64.ActiveCfg = Release|x64
		{6AD4D0D4-9CE5-45F1-8B82-99470C009B75}.Release|x64.Build.0 = Release|x64
		{6AD4D0D4-9CE5-45F1-8B82-99470C009B75}.Release|x64.Deploy.0 = Release|x64
		{6AD4D0D4-9CE5-45F1-8B82-99470C009B75}.Release|x86.ActiveCfg = Release|x86
		{6AD4D0D4-9CE5-45F1-8B82-99470C009B75}.Release|x86.Build.0 = Release|x86
		{6AD4D0D4-9CE5-45F1-8B82-99470C009B75}.Release|x86.Deploy.0 = Release|x86
	EndGlobalSection
	GlobalSection(SolutionProperties) = preSolution
		HideSolutionNode = FALSE
	EndGlobalSection
EndGlobal
